
Microsoft Visual Studio Solution File, Format Version 12.00
# Visual Studio Version 16
VisualStudioVersion = 16.0.29230.47
MinimumVisualStudioVersion = 10.0.40219.1
Project("{FAE04EC0-301F-11D3-BF4B-00C04F79EFBC}") = "LiquidacionUI", "LiquidacionUI\LiquidacionUI.csproj", "{15D4E24C-C64A-4EF6-B1AF-1C1EF72B00E0}"
EndProject
Project("{FAE04EC0-301F-11D3-BF4B-00C04F79EFBC}") = "Entity", "Entity\Entity.csproj", "{EE2146F0-0098-43D9-B49C-F50F84848150}"
EndProject
Project("{FAE04EC0-301F-11D3-BF4B-00C04F79EFBC}") = "BLL", "BLL\BLL.csproj", "{C84FA804-4B8F-43DC-AC2A-12B80FF76EC4}"
EndProject
Project("{FAE04EC0-301F-11D3-BF4B-00C04F79EFBC}") = "DAL", "DAL\DAL.csproj", "{8B8F6C33-DC51-473C-8CBB-14BCEE87E85E}"
EndProject
Global
	GlobalSection(SolutionConfigurationPlatforms) = preSolution
		Debug|Any CPU = Debug|Any CPU
		Release|Any CPU = Release|Any CPU
	EndGlobalSection
	GlobalSection(ProjectConfigurationPlatforms) = postSolution
		{15D4E24C-C64A-4EF6-B1AF-1C1EF72B00E0}.Debug|Any CPU.ActiveCfg = Debug|Any CPU
		{15D4E24C-C64A-4EF6-B1AF-1C1EF72B00E0}.Debug|Any CPU.Build.0 = Debug|Any CPU
		{15D4E24C-C64A-4EF6-B1AF-1C1EF72B00E0}.Release|Any CPU.ActiveCfg = Release|Any CPU
		{15D4E24C-C64A-4EF6-B1AF-1C1EF72B00E0}.Release|Any CPU.Build.0 = Release|Any CPU
		{EE2146F0-0098-43D9-B49C-F50F84848150}.Debug|Any CPU.ActiveCfg = Debug|Any CPU
		{EE2146F0-0098-43D9-B49C-F50F84848150}.Debug|Any CPU.Build.0 = Debug|Any CPU
		{EE2146F0-0098-43D9-B49C-F50F84848150}.Release|Any CPU.ActiveCfg = Release|Any CPU
		{EE2146F0-0098-43D9-B49C-F50F84848150}.Release|Any CPU.Build.0 = Release|Any CPU
		{C84FA804-4B8F-43DC-AC2A-12B80FF76EC4}.Debug|Any CPU.ActiveCfg = Debug|Any CPU
		{C84FA804-4B8F-43DC-AC2A-12B80FF76EC4}.Debug|Any CPU.Build.0 = Debug|Any CPU
		{C84FA804-4B8F-43DC-AC2A-12B80FF76EC4}.Release|Any CPU.ActiveCfg = Release|Any CPU
		{C84FA804-4B8F-43DC-AC2A-12B80FF76EC4}.Release|Any CPU.Build.0 = Release|Any CPU
		{8B8F6C33-DC51-473C-8CBB-14BCEE87E85E}.Debug|Any CPU.ActiveCfg = Debug|Any CPU
		{8B8F6C33-DC51-473C-8CBB-14BCEE87E85E}.Debug|Any CPU.Build.0 = Debug|Any CPU
		{8B8F6C33-DC51-473C-8CBB-14BCEE87E85E}.Release|Any CPU.ActiveCfg = Release|Any CPU
		{8B8F6C33-DC51-473C-8CBB-14BCEE87E85E}.Release|Any CPU.Build.0 = Release|Any CPU
	EndGlobalSection
	GlobalSection(SolutionProperties) = preSolution
		HideSolutionNode = FALSE
	EndGlobalSection
	GlobalSection(ExtensibilityGlobals) = postSolution
		SolutionGuid = {B2F3B7A8-FDCE-4F43-8489-295D5E7C9788}
	EndGlobalSection
EndGlobal
